
Microsoft Visual Studio Solution File, Format Version 12.00
# Visual Studio Version 17
VisualStudioVersion = 17.11.35327.3
MinimumVisualStudioVersion = 10.0.40219.1
Project("{F184B08F-C81C-45F6-A57F-5ABD9991F28F}") = "EBusinessApp", "EBusinessApp\EBusinessApp.vbproj", "{609FB53F-30C7-477F-AC72-105E0ECEAEF8}"
EndProject
Global
	GlobalSection(SolutionConfigurationPlatforms) = preSolution
		Debug|Any CPU = Debug|Any CPU
		Release|Any CPU = Release|Any CPU
	EndGlobalSection
	GlobalSection(ProjectConfigurationPlatforms) = postSolution
		{609FB53F-30C7-477F-AC72-105E0ECEAEF8}.Debug|Any CPU.ActiveCfg = Debug|Any CPU
		{609FB53F-30C7-477F-AC72-105E0ECEAEF8}.Debug|Any CPU.Build.0 = Debug|Any CPU
		{609FB53F-30C7-477F-AC72-105E0ECEAEF8}.Release|Any CPU.ActiveCfg = Release|Any CPU
		{609FB53F-30C7-477F-AC72-105E0ECEAEF8}.Release|Any CPU.Build.0 = Release|Any CPU
	EndGlobalSection
	GlobalSection(SolutionProperties) = preSolution
		HideSolutionNode = FALSE
	EndGlobalSection
	GlobalSection(ExtensibilityGlobals) = postSolution
		SolutionGuid = {A1DC4E08-BD64-427B-AA30-B6EF12783300}
	EndGlobalSection
EndGlobal
